// !$*UTF8*$!
{
	archiveVersion = 1;
	classes = {
	};
	objectVersion = 56;
	objects = {

/* Begin PBXBuildFile section */
		9A08449F292FF7700003D691 /* AppDelegate.swift in Sources */ = {isa = PBXBuildFile; fileRef = 9A08449E292FF7700003D691 /* AppDelegate.swift */; };
		9A0844A1292FF7700003D691 /* SceneDelegate.swift in Sources */ = {isa = PBXBuildFile; fileRef = 9A0844A0292FF7700003D691 /* SceneDelegate.swift */; };
		9A0844A3292FF7700003D691 /* MainViewController.swift in Sources */ = {isa = PBXBuildFile; fileRef = 9A0844A2292FF7700003D691 /* MainViewController.swift */; };
		9A0844A6292FF7700003D691 /* Main.storyboard in Resources */ = {isa = PBXBuildFile; fileRef = 9A0844A4292FF7700003D691 /* Main.storyboard */; };
		9A0844A8292FF7710003D691 /* Assets.xcassets in Resources */ = {isa = PBXBuildFile; fileRef = 9A0844A7292FF7710003D691 /* Assets.xcassets */; };
		9A0844AB292FF7710003D691 /* LaunchScreen.storyboard in Resources */ = {isa = PBXBuildFile; fileRef = 9A0844A9292FF7710003D691 /* LaunchScreen.storyboard */; };
		9A0844B3292FF85E0003D691 /* PhotosCollectionViewController.swift in Sources */ = {isa = PBXBuildFile; fileRef = 9A0844B2292FF85E0003D691 /* PhotosCollectionViewController.swift */; };
		9A0844B5292FF88F0003D691 /* PhotoViewController.swift in Sources */ = {isa = PBXBuildFile; fileRef = 9A0844B4292FF88F0003D691 /* PhotoViewController.swift */; };
		9A0844B7292FF8DC0003D691 /* UIImageViewForDrawing.swift in Sources */ = {isa = PBXBuildFile; fileRef = 9A0844B6292FF8DC0003D691 /* UIImageViewForDrawing.swift */; };
		9A0844B9292FF9270003D691 /* PhotoCollectionViewCell.swift in Sources */ = {isa = PBXBuildFile; fileRef = 9A0844B8292FF9270003D691 /* PhotoCollectionViewCell.swift */; };
		9A0844BB292FF9520003D691 /* Image.swift in Sources */ = {isa = PBXBuildFile; fileRef = 9A0844BA292FF9520003D691 /* Image.swift */; };
		9A0844BD292FF96B0003D691 /* UIImageExtensions.swift in Sources */ = {isa = PBXBuildFile; fileRef = 9A0844BC292FF96B0003D691 /* UIImageExtensions.swift */; };
		9A0844BF292FFC650003D691 /* Constants.swift in Sources */ = {isa = PBXBuildFile; fileRef = 9A0844BE292FFC650003D691 /* Constants.swift */; };
		9ACE35302987E261006FE7C3 /* ResultImageViewController.swift in Sources */ = {isa = PBXBuildFile; fileRef = 9ACE352F2987E261006FE7C3 /* ResultImageViewController.swift */; };
/* End PBXBuildFile section */

/* Begin PBXFileReference section */
		9A08449B292FF7700003D691 /* term_project.app */ = {isa = PBXFileReference; explicitFileType = wrapper.application; includeInIndex = 0; path = term_project.app; sourceTree = BUILT_PRODUCTS_DIR; };
		9A08449E292FF7700003D691 /* AppDelegate.swift */ = {isa = PBXFileReference; lastKnownFileType = sourcecode.swift; path = AppDelegate.swift; sourceTree = "<group>"; };
		9A0844A0292FF7700003D691 /* SceneDelegate.swift */ = {isa = PBXFileReference; lastKnownFileType = sourcecode.swift; path = SceneDelegate.swift; sourceTree = "<group>"; };
		9A0844A2292FF7700003D691 /* MainViewController.swift */ = {isa = PBXFileReference; lastKnownFileType = sourcecode.swift; path = MainViewController.swift; sourceTree = "<group>"; };
		9A0844A5292FF7700003D691 /* Base */ = {isa = PBXFileReference; lastKnownFileType = file.storyboard; name = Base; path = Base.lproj/Main.storyboard; sourceTree = "<group>"; };
		9A0844A7292FF7710003D691 /* Assets.xcassets */ = {isa = PBXFileReference; lastKnownFileType = folder.assetcatalog; path = Assets.xcassets; sourceTree = "<group>"; };
		9A0844AA292FF7710003D691 /* Base */ = {isa = PBXFileReference; lastKnownFileType = file.storyboard; name = Base; path = Base.lproj/LaunchScreen.storyboard; sourceTree = "<group>"; };
		9A0844AC292FF7710003D691 /* Info.plist */ = {isa = PBXFileReference; lastKnownFileType = text.plist.xml; path = Info.plist; sourceTree = "<group>"; };
		9A0844B2292FF85E0003D691 /* PhotosCollectionViewController.swift */ = {isa = PBXFileReference; lastKnownFileType = sourcecode.swift; path = PhotosCollectionViewController.swift; sourceTree = "<group>"; };
		9A0844B4292FF88F0003D691 /* PhotoViewController.swift */ = {isa = PBXFileReference; lastKnownFileType = sourcecode.swift; path = PhotoViewController.swift; sourceTree = "<group>"; };
		9A0844B6292FF8DC0003D691 /* UIImageViewForDrawing.swift */ = {isa = PBXFileReference; lastKnownFileType = sourcecode.swift; path = UIImageViewForDrawing.swift; sourceTree = "<group>"; };
		9A0844B8292FF9270003D691 /* PhotoCollectionViewCell.swift */ = {isa = PBXFileReference; lastKnownFileType = sourcecode.swift; path = PhotoCollectionViewCell.swift; sourceTree = "<group>"; };
		9A0844BA292FF9520003D691 /* Image.swift */ = {isa = PBXFileReference; lastKnownFileType = sourcecode.swift; path = Image.swift; sourceTree = "<group>"; };
		9A0844BC292FF96B0003D691 /* UIImageExtensions.swift */ = {isa = PBXFileReference; lastKnownFileType = sourcecode.swift; path = UIImageExtensions.swift; sourceTree = "<group>"; };
		9A0844BE292FFC650003D691 /* Constants.swift */ = {isa = PBXFileReference; lastKnownFileType = sourcecode.swift; path = Constants.swift; sourceTree = "<group>"; };
		9ACE352F2987E261006FE7C3 /* ResultImageViewController.swift */ = {isa = PBXFileReference; lastKnownFileType = sourcecode.swift; path = ResultImageViewController.swift; sourceTree = "<group>"; };
/* End PBXFileReference section */

/* Begin PBXFrameworksBuildPhase section */
		9A084498292FF7700003D691 /* Frameworks */ = {
			isa = PBXFrameworksBuildPhase;
			buildActionMask = 2147483647;
			files = (
			);
			runOnlyForDeploymentPostprocessing = 0;
		};
/* End PBXFrameworksBuildPhase section */

/* Begin PBXGroup section */
		9A084492292FF7700003D691 = {
			isa = PBXGroup;
			children = (
				9A08449D292FF7700003D691 /* term_project */,
				9A08449C292FF7700003D691 /* Products */,
			);
			sourceTree = "<group>";
		};
		9A08449C292FF7700003D691 /* Products */ = {
			isa = PBXGroup;
			children = (
				9A08449B292FF7700003D691 /* term_project.app */,
			);
			name = Products;
			sourceTree = "<group>";
		};
		9A08449D292FF7700003D691 /* term_project */ = {
			isa = PBXGroup;
			children = (
				9A08449E292FF7700003D691 /* AppDelegate.swift */,
				9A0844A0292FF7700003D691 /* SceneDelegate.swift */,
				9A0844A2292FF7700003D691 /* MainViewController.swift */,
				9A0844B2292FF85E0003D691 /* PhotosCollectionViewController.swift */,
				9A0844B4292FF88F0003D691 /* PhotoViewController.swift */,
				9A0844B6292FF8DC0003D691 /* UIImageViewForDrawing.swift */,
				9A0844B8292FF9270003D691 /* PhotoCollectionViewCell.swift */,
				9A0844BA292FF9520003D691 /* Image.swift */,
				9A0844BC292FF96B0003D691 /* UIImageExtensions.swift */,
				9A0844BE292FFC650003D691 /* Constants.swift */,
				9A0844A4292FF7700003D691 /* Main.storyboard */,
				9ACE352F2987E261006FE7C3 /* ResultImageViewController.swift */,
				9A0844A7292FF7710003D691 /* Assets.xcassets */,
				9A0844A9292FF7710003D691 /* LaunchScreen.storyboard */,
				9A0844AC292FF7710003D691 /* Info.plist */,
			);
			path = term_project;
			sourceTree = "<group>";
		};
/* End PBXGroup section */

/* Begin PBXNativeTarget section */
		9A08449A292FF7700003D691 /* term_project */ = {
			isa = PBXNativeTarget;
			buildConfigurationList = 9A0844AF292FF7710003D691 /* Build configuration list for PBXNativeTarget "term_project" */;
			buildPhases = (
				9A084497292FF7700003D691 /* Sources */,
				9A084498292FF7700003D691 /* Frameworks */,
				9A084499292FF7700003D691 /* Resources */,
			);
			buildRules = (
			);
			dependencies = (
			);
			name = term_project;
			productName = term_project;
			productReference = 9A08449B292FF7700003D691 /* term_project.app */;
			productType = "com.apple.product-type.application";
		};
/* End PBXNativeTarget section */

/* Begin PBXProject section */
		9A084493292FF7700003D691 /* Project object */ = {
			isa = PBXProject;
			attributes = {
				BuildIndependentTargetsInParallel = 1;
				LastSwiftUpdateCheck = 1400;
				LastUpgradeCheck = 1400;
				TargetAttributes = {
					9A08449A292FF7700003D691 = {
						CreatedOnToolsVersion = 14.0.1;
					};
				};
			};
			buildConfigurationList = 9A084496292FF7700003D691 /* Build configuration list for PBXProject "term_project" */;
			compatibilityVersion = "Xcode 14.0";
			developmentRegion = en;
			hasScannedForEncodings = 0;
			knownRegions = (
				en,
				Base,
			);
			mainGroup = 9A084492292FF7700003D691;
			productRefGroup = 9A08449C292FF7700003D691 /* Products */;
			projectDirPath = "";
			projectRoot = "";
			targets = (
				9A08449A292FF7700003D691 /* term_project */,
			);
		};
/* End PBXProject section */

/* Begin PBXResourcesBuildPhase section */
		9A084499292FF7700003D691 /* Resources */ = {
			isa = PBXResourcesBuildPhase;
			buildActionMask = 2147483647;
			files = (
				9A0844AB292FF7710003D691 /* LaunchScreen.storyboard in Resources */,
				9A0844A8292FF7710003D691 /* Assets.xcassets in Resources */,
				9A0844A6292FF7700003D691 /* Main.storyboard in Resources */,
			);
			runOnlyForDeploymentPostprocessing = 0;
		};
/* End PBXResourcesBuildPhase section */

/* Begin PBXSourcesBuildPhase section */
		9A084497292FF7700003D691 /* Sources */ = {
			isa = PBXSourcesBuildPhase;
			buildActionMask = 2147483647;
			files = (
				9A0844BD292FF96B0003D691 /* UIImageExtensions.swift in Sources */,
				9A0844A3292FF7700003D691 /* MainViewController.swift in Sources */,
				9A0844BB292FF9520003D691 /* Image.swift in Sources */,
				9A0844B7292FF8DC0003D691 /* UIImageViewForDrawing.swift in Sources */,
				9A08449F292FF7700003D691 /* AppDelegate.swift in Sources */,
				9A0844BF292FFC650003D691 /* Constants.swift in Sources */,
				9A0844A1292FF7700003D691 /* SceneDelegate.swift in Sources */,
				9A0844B9292FF9270003D691 /* PhotoCollectionViewCell.swift in Sources */,
				9A0844B3292FF85E0003D691 /* PhotosCollectionViewController.swift in Sources */,
				9A0844B5292FF88F0003D691 /* PhotoViewController.swift in Sources */,
				9ACE35302987E261006FE7C3 /* ResultImageViewController.swift in Sources */,
			);
			runOnlyForDeploymentPostprocessing = 0;
		};
/* End PBXSourcesBuildPhase section */

/* Begin PBXVariantGroup section */
		9A0844A4292FF7700003D691 /* Main.storyboard */ = {
			isa = PBXVariantGroup;
			children = (
				9A0844A5292FF7700003D691 /* Base */,
			);
			name = Main.storyboard;
			sourceTree = "<group>";
		};
		9A0844A9292FF7710003D691 /* LaunchScreen.storyboard */ = {
			isa = PBXVariantGroup;
			children = (
				9A0844AA292FF7710003D691 /* Base */,
			);
			name = LaunchScreen.storyboard;
			sourceTree = "<group>";
		};
/* End PBXVariantGroup section */

/* Begin XCBuildConfiguration section */
		9A0844AD292FF7710003D691 /* Debug */ = {
			isa = XCBuildConfiguration;
			buildSettings = {
				ALWAYS_SEARCH_USER_PATHS = NO;
				CLANG_ANALYZER_NONNULL = YES;
				CLANG_ANALYZER_NUMBER_OBJECT_CONVERSION = YES_AGGRESSIVE;
				CLANG_CXX_LANGUAGE_STANDARD = "gnu++20";
				CLANG_ENABLE_MODULES = YES;
				CLANG_ENABLE_OBJC_ARC = YES;
				CLANG_ENABLE_OBJC_WEAK = YES;
				CLANG_WARN_BLOCK_CAPTURE_AUTORELEASING = YES;
				CLANG_WARN_BOOL_CONVERSION = YES;
				CLANG_WARN_COMMA = YES;
				CLANG_WARN_CONSTANT_CONVERSION = YES;
				CLANG_WARN_DEPRECATED_OBJC_IMPLEMENTATIONS = YES;
				CLANG_WARN_DIRECT_OBJC_ISA_USAGE = YES_ERROR;
				CLANG_WARN_DOCUMENTATION_COMMENTS = YES;
				CLANG_WARN_EMPTY_BODY = YES;
				CLANG_WARN_ENUM_CONVERSION = YES;
				CLANG_WARN_INFINITE_RECURSION = YES;
				CLANG_WARN_INT_CONVERSION = YES;
				CLANG_WARN_NON_LITERAL_NULL_CONVERSION = YES;
				CLANG_WARN_OBJC_IMPLICIT_RETAIN_SELF = YES;
				CLANG_WARN_OBJC_LITERAL_CONVERSION = YES;
				CLANG_WARN_OBJC_ROOT_CLASS = YES_ERROR;
				CLANG_WARN_QUOTED_INCLUDE_IN_FRAMEWORK_HEADER = YES;
				CLANG_WARN_RANGE_LOOP_ANALYSIS = YES;
				CLANG_WARN_STRICT_PROTOTYPES = YES;
				CLANG_WARN_SUSPICIOUS_MOVE = YES;
				CLANG_WARN_UNGUARDED_AVAILABILITY = YES_AGGRESSIVE;
				CLANG_WARN_UNREACHABLE_CODE = YES;
				CLANG_WARN__DUPLICATE_METHOD_MATCH = YES;
				COPY_PHASE_STRIP = NO;
				DEBUG_INFORMATION_FORMAT = dwarf;
				ENABLE_STRICT_OBJC_MSGSEND = YES;
				ENABLE_TESTABILITY = YES;
				GCC_C_LANGUAGE_STANDARD = gnu11;
				GCC_DYNAMIC_NO_PIC = NO;
				GCC_NO_COMMON_BLOCKS = YES;
				GCC_OPTIMIZATION_LEVEL = 0;
				GCC_PREPROCESSOR_DEFINITIONS = (
					"DEBUG=1",
					"$(inherited)",
				);
				GCC_WARN_64_TO_32_BIT_CONVERSION = YES;
				GCC_WARN_ABOUT_RETURN_TYPE = YES_ERROR;
				GCC_WARN_UNDECLARED_SELECTOR = YES;
				GCC_WARN_UNINITIALIZED_AUTOS = YES_AGGRESSIVE;
				GCC_WARN_UNUSED_FUNCTION = YES;
				GCC_WARN_UNUSED_VARIABLE = YES;
				IPHONEOS_DEPLOYMENT_TARGET = 16.0;
				MTL_ENABLE_DEBUG_INFO = INCLUDE_SOURCE;
				MTL_FAST_MATH = YES;
				ONLY_ACTIVE_ARCH = YES;
				SDKROOT = iphoneos;
				SWIFT_ACTIVE_COMPILATION_CONDITIONS = DEBUG;
				SWIFT_OPTIMIZATION_LEVEL = "-Onone";
			};
			name = Debug;
		};
		9A0844AE292FF7710003D691 /* Release */ = {
			isa = XCBuildConfiguration;
			buildSettings = {
				ALWAYS_SEARCH_USER_PATHS = NO;
				CLANG_ANALYZER_NONNULL = YES;
				CLANG_ANALYZER_NUMBER_OBJECT_CONVERSION = YES_AGGRESSIVE;
				CLANG_CXX_LANGUAGE_STANDARD = "gnu++20";
				CLANG_ENABLE_MODULES = YES;
				CLANG_ENABLE_OBJC_ARC = YES;
				CLANG_ENABLE_OBJC_WEAK = YES;
				CLANG_WARN_BLOCK_CAPTURE_AUTORELEASING = YES;
				CLANG_WARN_BOOL_CONVERSION = YES;
				CLANG_WARN_COMMA = YES;
				CLANG_WARN_CONSTANT_CONVERSION = YES;
				CLANG_WARN_DEPRECATED_OBJC_IMPLEMENTATIONS = YES;
				CLANG_WARN_DIRECT_OBJC_ISA_USAGE = YES_ERROR;
				CLANG_WARN_DOCUMENTATION_COMMENTS = YES;
				CLANG_WARN_EMPTY_BODY = YES;
				CLANG_WARN_ENUM_CONVERSION = YES;
				CLANG_WARN_INFINITE_RECURSION = YES;
				CLANG_WARN_INT_CONVERSION = YES;
				CLANG_WARN_NON_LITERAL_NULL_CONVERSION = YES;
				CLANG_WARN_OBJC_IMPLICIT_RETAIN_SELF = YES;
				CLANG_WARN_OBJC_LITERAL_CONVERSION = YES;
				CLANG_WARN_OBJC_ROOT_CLASS = YES_ERROR;
				CLANG_WARN_QUOTED_INCLUDE_IN_FRAMEWORK_HEADER = YES;
				CLANG_WARN_RANGE_LOOP_ANALYSIS = YES;
				CLANG_WARN_STRICT_PROTOTYPES = YES;
				CLANG_WARN_SUSPICIOUS_MOVE = YES;
				CLANG_WARN_UNGUARDED_AVAILABILITY = YES_AGGRESSIVE;
				CLANG_WARN_UNREACHABLE_CODE = YES;
				CLANG_WARN__DUPLICATE_METHOD_MATCH = YES;
				COPY_PHASE_STRIP = NO;
				DEBUG_INFORMATION_FORMAT = "dwarf-with-dsym";
				ENABLE_NS_ASSERTIONS = NO;
				ENABLE_STRICT_OBJC_MSGSEND = YES;
				GCC_C_LANGUAGE_STANDARD = gnu11;
				GCC_NO_COMMON_BLOCKS = YES;
				GCC_WARN_64_TO_32_BIT_CONVERSION = YES;
				GCC_WARN_ABOUT_RETURN_TYPE = YES_ERROR;
				GCC_WARN_UNDECLARED_SELECTOR = YES;
				GCC_WARN_UNINITIALIZED_AUTOS = YES_AGGRESSIVE;
				GCC_WARN_UNUSED_FUNCTION = YES;
				GCC_WARN_UNUSED_VARIABLE = YES;
				IPHONEOS_DEPLOYMENT_TARGET = 16.0;
				MTL_ENABLE_DEBUG_INFO = NO;
				MTL_FAST_MATH = YES;
				SDKROOT = iphoneos;
				SWIFT_COMPILATION_MODE = wholemodule;
				SWIFT_OPTIMIZATION_LEVEL = "-O";
				VALIDATE_PRODUCT = YES;
			};
			name = Release;
		};
		9A0844B0292FF7710003D691 /* Debug */ = {
			isa = XCBuildConfiguration;
			buildSettings = {
				ASSETCATALOG_COMPILER_APPICON_NAME = AppIcon;
				ASSETCATALOG_COMPILER_GLOBAL_ACCENT_COLOR_NAME = AccentColor;
				CODE_SIGN_STYLE = Automatic;
				CURRENT_PROJECT_VERSION = 1;
				DEVELOPMENT_TEAM = 7F7XSCX9AP;
				GENERATE_INFOPLIST_FILE = YES;
				INFOPLIST_FILE = term_project/Info.plist;
				INFOPLIST_KEY_NSPhotoLibraryUsageDescription = "we need your photos";
				INFOPLIST_KEY_UIApplicationSupportsIndirectInputEvents = YES;
				INFOPLIST_KEY_UILaunchStoryboardName = LaunchScreen;
				INFOPLIST_KEY_UIMainStoryboardFile = Main;
				INFOPLIST_KEY_UISupportedInterfaceOrientations_iPad = "UIInterfaceOrientationPortrait UIInterfaceOrientationPortraitUpsideDown UIInterfaceOrientationLandscapeLeft UIInterfaceOrientationLandscapeRight";
				INFOPLIST_KEY_UISupportedInterfaceOrientations_iPhone = "UIInterfaceOrientationPortrait UIInterfaceOrientationLandscapeLeft UIInterfaceOrientationLandscapeRight";
				LD_RUNPATH_SEARCH_PATHS = (
					"$(inherited)",
					"@executable_path/Frameworks",
				);
				MARKETING_VERSION = 1.0;
				PRODUCT_BUNDLE_IDENTIFIER = "com.shuneykoartyom.term-project";
				PRODUCT_NAME = "$(TARGET_NAME)";
				SWIFT_EMIT_LOC_STRINGS = YES;
				SWIFT_VERSION = 5.0;
				TARGETED_DEVICE_FAMILY = "1,2";
			};
			name = Debug;
		};
		9A0844B1292FF7710003D691 /* Release */ = {
			isa = XCBuildConfiguration;
			buildSettings = {
				ASSETCATALOG_COMPILER_APPICON_NAME = AppIcon;
				ASSETCATALOG_COMPILER_GLOBAL_ACCENT_COLOR_NAME = AccentColor;
				CODE_SIGN_STYLE = Automatic;
				CURRENT_PROJECT_VERSION = 1;
				DEVELOPMENT_TEAM = 7F7XSCX9AP;
				GENERATE_INFOPLIST_FILE = YES;
				INFOPLIST_FILE = term_project/Info.plist;
				INFOPLIST_KEY_NSPhotoLibraryUsageDescription = "we need your photos";
				INFOPLIST_KEY_UIApplicationSupportsIndirectInputEvents = YES;
				INFOPLIST_KEY_UILaunchStoryboardName = LaunchScreen;
				INFOPLIST_KEY_UIMainStoryboardFile = Main;
				INFOPLIST_KEY_UISupportedInterfaceOrientations_iPad = "UIInterfaceOrientationPortrait UIInterfaceOrientationPortraitUpsideDown UIInterfaceOrientationLandscapeLeft UIInterfaceOrientationLandscapeRight";
				INFOPLIST_KEY_UISupportedInterfaceOrientations_iPhone = "UIInterfaceOrientationPortrait UIInterfaceOrientationLandscapeLeft UIInterfaceOrientationLandscapeRight";
				LD_RUNPATH_SEARCH_PATHS = (
					"$(inherited)",
					"@executable_path/Frameworks",
				);
				MARKETING_VERSION = 1.0;
				PRODUCT_BUNDLE_IDENTIFIER = "com.shuneykoartyom.term-project";
				PRODUCT_NAME = "$(TARGET_NAME)";
				SWIFT_EMIT_LOC_STRINGS = YES;
				SWIFT_VERSION = 5.0;
				TARGETED_DEVICE_FAMILY = "1,2";
			};
			name = Release;
		};
/* End XCBuildConfiguration section */

/* Begin XCConfigurationList section */
		9A084496292FF7700003D691 /* Build configuration list for PBXProject "term_project" */ = {
			isa = XCConfigurationList;
			buildConfigurations = (
				9A0844AD292FF7710003D691 /* Debug */,
				9A0844AE292FF7710003D691 /* Release */,
			);
			defaultConfigurationIsVisible = 0;
			defaultConfigurationName = Release;
		};
		9A0844AF292FF7710003D691 /* Build configuration list for PBXNativeTarget "term_project" */ = {
			isa = XCConfigurationList;
			buildConfigurations = (
				9A0844B0292FF7710003D691 /* Debug */,
				9A0844B1292FF7710003D691 /* Release */,
			);
			defaultConfigurationIsVisible = 0;
			defaultConfigurationName = Release;
		};
/* End XCConfigurationList section */
	};
	rootObject = 9A084493292FF7700003D691 /* Project object */;
}
